github.com/lib/pq v1.10.1/go.mod h1:AlVN5x4E4T544tWzH6hKfbfQvm3HdbOxrmggDNAPY9o=
github.com/lib/pq v1.10.2 h1:AqzbZs4ZoCBp+GtejcpCpcxM3zlSMx29dXbUSeVtJb8=
github.com/lib/pq v1.10.2/go.mod h1:AlVN5x4E4T544tWzH6hKfbfQvm3HdbOxrmggDNAPY9o=
github.com/lovego/errs v0.0.2 h1:T2ZMIaSvfH/H66Twea/xX9UA/hfeqQkzvftrce/RgJY=
github.com/lovego/errs v0.0.2/go.mod h1:ghGAxm7RQySjaQ7+H0qWei20i/KcIGsyD4XZnj4tK/0=
github.com/lovego/logger v0.0.1 h1:Sr4eR74YFgrUtoMvWV2Jn64pi9YfcjGC6a6uXv91Qkk=
github.com/lovego/logger v0.0.1/go.mod h1:4sDufT6c2yWdlUEIeiS1ivN8pIfVARiLRoqW4/TuPUg=
github.com/lovego/sleep v0.0.2 h1:Zn0IGwot4+aN9eWBotOOqc3KgU9Vbsj07Tepeu7no2w=
github.com/lovego/sleep v0.0.2/go.mod h1:TUReOKTW+RfV5qyo6r/jr9DXYbAbA2PRW96Dkp2aVdI=
github.com/lovego/sqlmq v0.0.9 h1:rEjZjDNWs5MAz0mQfMET7baueoYR2zRk1HMyf350M2U=
github.com/lovego/sqlmq v0.0.9/go.mod h1:ikbbiPZaPECUYL5pQ7vY5NKJlBiV1BmQUDu16oDccMM=
github.com/lovego/tracer v0.0.1 h1:NAggoG9bu9JrgSFOUPmZBmshmT7myOFAIy1zWeNNt9o=
github.com/lovego/tracer v0.0.1/go.mod h1:cqfr/BqdkspXnph/SO8AOt58d+ziUGEzzM3OXMtI0rc=
